
Microsoft Visual Studio Solution File, Format Version 12.00
# Visual Studio 2013
VisualStudioVersion = 12.0.30501.0
MinimumVisualStudioVersion = 10.0.40219.1
Project("{FAE04EC0-301F-11D3-BF4B-00C04F79EFBC}") = "NinjaTurtlesApp.Web", "NinjaTurtlesApp.Web\NinjaTurtlesApp.Web.csproj", "{C951AC8D-AF8C-4091-9A2D-6B4962757BED}"
EndProject
Project("{FAE04EC0-301F-11D3-BF4B-00C04F79EFBC}") = "NinjaTurtlesApp.Data", "NinjaTurtlesApp.Data\NinjaTurtlesApp.Data.csproj", "{AFA1003F-BF6D-486C-810A-6ADE0839FA75}"
EndProject
Project("{FAE04EC0-301F-11D3-BF4B-00C04F79EFBC}") = "NinjaTurtlesApp.Data.Models", "NinjaTurtles.Data.Models\NinjaTurtlesApp.Data.Models.csproj", "{DADDD45E-7F31-42AA-87D5-43D1A6A03210}"
EndProject
Global
	GlobalSection(SolutionConfigurationPlatforms) = preSolution
		Debug|Any CPU = Debug|Any CPU
		Release|Any CPU = Release|Any CPU
	EndGlobalSection
	GlobalSection(ProjectConfigurationPlatforms) = postSolution
		{C951AC8D-AF8C-4091-9A2D-6B4962757BED}.Debug|Any CPU.ActiveCfg = Debug|Any CPU
		{C951AC8D-AF8C-4091-9A2D-6B4962757BED}.Debug|Any CPU.Build.0 = Debug|Any CPU
		{C951AC8D-AF8C-4091-9A2D-6B4962757BED}.Release|Any CPU.ActiveCfg = Release|Any CPU
		{C951AC8D-AF8C-4091-9A2D-6B4962757BED}.Release|Any CPU.Build.0 = Release|Any CPU
		{AFA1003F-BF6D-486C-810A-6ADE0839FA75}.Debug|Any CPU.ActiveCfg = Debug|Any CPU
		{AFA1003F-BF6D-486C-810A-6ADE0839FA75}.Debug|Any CPU.Build.0 = Debug|Any CPU
		{AFA1003F-BF6D-486C-810A-6ADE0839FA75}.Release|Any CPU.ActiveCfg = Release|Any CPU
		{AFA1003F-BF6D-486C-810A-6ADE0839FA75}.Release|Any CPU.Build.0 = Release|Any CPU
		{DADDD45E-7F31-42AA-87D5-43D1A6A03210}.Debug|Any CPU.ActiveCfg = Debug|Any CPU
		{DADDD45E-7F31-42AA-87D5-43D1A6A03210}.Debug|Any CPU.Build.0 = Debug|Any CPU
		{DADDD45E-7F31-42AA-87D5-43D1A6A03210}.Release|Any CPU.ActiveCfg = Release|Any CPU
		{DADDD45E-7F31-42AA-87D5-43D1A6A03210}.Release|Any CPU.Build.0 = Release|Any CPU
	EndGlobalSection
	GlobalSection(SolutionProperties) = preSolution
		HideSolutionNode = FALSE
	EndGlobalSection
EndGlobal
